{
  "nodes": {
    "fenix": {
      "inputs": {
        "nixpkgs": [
          "nixpkgs"
        ],
        "rust-analyzer-src": "rust-analyzer-src"
      },
      "locked": {
        "lastModified": 1780314950,
        "narHash": "sha256-1y6LHeumqA2lnUZap2yor+g4jMFtno5mx119LEv+dQQ=",
        "owner": "nix-community",
        "repo": "fenix",
        "rev": "8160d67d2693a1f7ea219db159ccdc29ae632918",
        "type": "github"
      },
      "original": {
        "owner": "nix-community",
        "ref": "monthly",
        "repo": "fenix",
        "type": "github"
      }
    },
    "nixpkgs": {
      "locked": {
        "lastModified": 1779912548,
        "narHash": "sha256-C2W6RHjQwfONVCYAnqmJumOYS62sMVlSPEGM1VOP/bI=",
        "owner": "nixos",
        "repo": "nixpkgs",
        "rev": "c767db50e209f33ffce3c18165b36101079d367d",
        "type": "github"
      },
      "original": {
        "owner": "nixos",
        "repo": "nixpkgs",
        "rev": "c767db50e209f33ffce3c18165b36101079d367d",
        "type": "github"
      }
    },
    "pimalaya": {
      "flake": false,
      "locked": {
        "lastModified": 1780852612,
        "narHash": "sha256-X4zHs6OztjwTZVg7PlIVemtRXDga6Dxa9cWG/crxdTY=",
        "owner": "pimalaya",
        "repo": "nix",
        "rev": "1fd82b4e07b90886eba31047dffc21cd31c83682",
        "type": "github"
      },
      "original": {
        "owner": "pimalaya",
        "repo": "nix",
        "type": "github"
      }
    },
    "root": {
      "inputs": {
        "fenix": "fenix",
        "nixpkgs": "nixpkgs",
        "pimalaya": "pimalaya"
      }
    },
    "rust-analyzer-src": {
      "flake": false,
      "locked": {
        "lastModified": 1780260465,
        "narHash": "sha256-yJIyzYb6LhvbVMmj2EH62Mt0JHU3pQefr+oPEgaoaI8=",
        "owner": "rust-lang",
        "repo": "rust-analyzer",
        "rev": "c5d30e2331acb2cec913a086ab242591f4f367a5",
        "type": "github"
      },
      "original": {
        "owner": "rust-lang",
        "ref": "nightly",
        "repo": "rust-analyzer",
        "type": "github"
      }
    }
  },
  "root": "root",
  "version": 7
}
